// !$*UTF8*$!
{
	archiveVersion = 1;
	classes = {
	};
	objectVersion = 50;
	objects = {

/* Begin PBXBuildFile section */
		84814CB321C84707002CEAE2 /* AppDelegate.swift in Sources */ = {isa = PBXBuildFile; fileRef = 84814CB221C84707002CEAE2 /* AppDelegate.swift */; };
		84814CB521C84707002CEAE2 /* ViewController.swift in Sources */ = {isa = PBXBuildFile; fileRef = 84814CB421C84707002CEAE2 /* ViewController.swift */; };
		84814CB821C84707002CEAE2 /* Main.storyboard in Resources */ = {isa = PBXBuildFile; fileRef = 84814CB621C84707002CEAE2 /* Main.storyboard */; };
		84814CBA21C84708002CEAE2 /* Assets.xcassets in Resources */ = {isa = PBXBuildFile; fileRef = 84814CB921C84708002CEAE2 /* Assets.xcassets */; };
		84814CBD21C84708002CEAE2 /* LaunchScreen.storyboard in Resources */ = {isa = PBXBuildFile; fileRef = 84814CBB21C84708002CEAE2 /* LaunchScreen.storyboard */; };
		84830B9221C9A201006DF341 /* StationViewController.swift in Sources */ = {isa = PBXBuildFile; fileRef = 84830B9121C9A201006DF341 /* StationViewController.swift */; };
		84830B9421C9B2CF006DF341 /* AddPlaylist.swift in Sources */ = {isa = PBXBuildFile; fileRef = 84830B9321C9B2CF006DF341 /* AddPlaylist.swift */; };
		84C20CAD21D56BF5004AE5C5 /* SpotifyiOS.framework in Frameworks */ = {isa = PBXBuildFile; fileRef = 84C20CAC21D56BF5004AE5C5 /* SpotifyiOS.framework */; };
		84FFDB6121C84C85003B2C70 /* HomePageViewController.swift in Sources */ = {isa = PBXBuildFile; fileRef = 84FFDB6021C84C85003B2C70 /* HomePageViewController.swift */; };
		84FFDB6321C85350003B2C70 /* AddStationViewController.swift in Sources */ = {isa = PBXBuildFile; fileRef = 84FFDB6221C85350003B2C70 /* AddStationViewController.swift */; };
		84FFDB6521C85B3E003B2C70 /* GoogleService-Info.plist in Resources */ = {isa = PBXBuildFile; fileRef = 84FFDB6421C85B3E003B2C70 /* GoogleService-Info.plist */; };
		D513E765B6F8101D29891523 /* Pods_Kickback_1_0.framework in Frameworks */ = {isa = PBXBuildFile; fileRef = 666A0D8C6732D4E8711D2184 /* Pods_Kickback_1_0.framework */; };
/* End PBXBuildFile section */

/* Begin PBXFileReference section */
		666A0D8C6732D4E8711D2184 /* Pods_Kickback_1_0.framework */ = {isa = PBXFileReference; explicitFileType = wrapper.framework; includeInIndex = 0; path = Pods_Kickback_1_0.framework; sourceTree = BUILT_PRODUCTS_DIR; };
		84814CAF21C84707002CEAE2 /* Kickback_1.0.app */ = {isa = PBXFileReference; explicitFileType = wrapper.application; includeInIndex = 0; path = Kickback_1.0.app; sourceTree = BUILT_PRODUCTS_DIR; };
		84814CB221C84707002CEAE2 /* AppDelegate.swift */ = {isa = PBXFileReference; lastKnownFileType = sourcecode.swift; path = AppDelegate.swift; sourceTree = "<group>"; };
		84814CB421C84707002CEAE2 /* ViewController.swift */ = {isa = PBXFileReference; lastKnownFileType = sourcecode.swift; path = ViewController.swift; sourceTree = "<group>"; };
		84814CB721C84707002CEAE2 /* Base */ = {isa = PBXFileReference; lastKnownFileType = file.storyboard; name = Base; path = Base.lproj/Main.storyboard; sourceTree = "<group>"; };
		84814CB921C84708002CEAE2 /* Assets.xcassets */ = {isa = PBXFileReference; lastKnownFileType = folder.assetcatalog; path = Assets.xcassets; sourceTree = "<group>"; };
		84814CBC21C84708002CEAE2 /* Base */ = {isa = PBXFileReference; lastKnownFileType = file.storyboard; name = Base; path = Base.lproj/LaunchScreen.storyboard; sourceTree = "<group>"; };
		84814CBE21C84708002CEAE2 /* Info.plist */ = {isa = PBXFileReference; lastKnownFileType = text.plist.xml; path = Info.plist; sourceTree = "<group>"; };
		84830B9121C9A201006DF341 /* StationViewController.swift */ = {isa = PBXFileReference; lastKnownFileType = sourcecode.swift; path = StationViewController.swift; sourceTree = "<group>"; };
		84830B9321C9B2CF006DF341 /* AddPlaylist.swift */ = {isa = PBXFileReference; lastKnownFileType = sourcecode.swift; path = AddPlaylist.swift; sourceTree = "<group>"; };
		84C20CAB21D5696D004AE5C5 /* Kickback-Bridging-Header.h */ = {isa = PBXFileReference; lastKnownFileType = sourcecode.c.h; name = "Kickback-Bridging-Header.h"; path = "Controller/Kickback-Bridging-Header.h"; sourceTree = "<group>"; };
		84C20CAC21D56BF5004AE5C5 /* SpotifyiOS.framework */ = {isa = PBXFileReference; lastKnownFileType = wrapper.framework; path = SpotifyiOS.framework; sourceTree = "<group>"; };
		84FFDB6021C84C85003B2C70 /* HomePageViewController.swift */ = {isa = PBXFileReference; lastKnownFileType = sourcecode.swift; path = HomePageViewController.swift; sourceTree = "<group>"; };
		84FFDB6221C85350003B2C70 /* AddStationViewController.swift */ = {isa = PBXFileReference; lastKnownFileType = sourcecode.swift; path = AddStationViewController.swift; sourceTree = "<group>"; };
		84FFDB6421C85B3E003B2C70 /* GoogleService-Info.plist */ = {isa = PBXFileReference; fileEncoding = 4; lastKnownFileType = text.plist.xml; path = "GoogleService-Info.plist"; sourceTree = "<group>"; };
		888CB2DCA56F83266C31D79B /* Pods-Kickback_1.0.release.xcconfig */ = {isa = PBXFileReference; includeInIndex = 1; lastKnownFileType = text.xcconfig; name = "Pods-Kickback_1.0.release.xcconfig"; path = "Pods/Target Support Files/Pods-Kickback_1.0/Pods-Kickback_1.0.release.xcconfig"; sourceTree = "<group>"; };
		A90ACF5EDC639EAEE76B0240 /* Pods-Kickback_1.0.debug.xcconfig */ = {isa = PBXFileReference; includeInIndex = 1; lastKnownFileType = text.xcconfig; name = "Pods-Kickback_1.0.debug.xcconfig"; path = "Pods/Target Support Files/Pods-Kickback_1.0/Pods-Kickback_1.0.debug.xcconfig"; sourceTree = "<group>"; };
/* End PBXFileReference section */

/* Begin PBXFrameworksBuildPhase section */
		84814CAC21C84707002CEAE2 /* Frameworks */ = {
			isa = PBXFrameworksBuildPhase;
			buildActionMask = 2147483647;
			files = (
				D513E765B6F8101D29891523 /* Pods_Kickback_1_0.framework in Frameworks */,
				84C20CAD21D56BF5004AE5C5 /* SpotifyiOS.framework in Frameworks */,
			);
			runOnlyForDeploymentPostprocessing = 0;
		};
/* End PBXFrameworksBuildPhase section */

/* Begin PBXGroup section */
		27AC736576F293D3D2F05B69 /* Frameworks */ = {
			isa = PBXGroup;
			children = (
				666A0D8C6732D4E8711D2184 /* Pods_Kickback_1_0.framework */,
			);
			name = Frameworks;
			sourceTree = "<group>";
		};
		84814CA621C84706002CEAE2 = {
			isa = PBXGroup;
			children = (
				84814CB121C84707002CEAE2 /* Kickback_1.0 */,
				84814CB021C84707002CEAE2 /* Products */,
				FF1DD64E2AD34DF4297F54F6 /* Pods */,
				27AC736576F293D3D2F05B69 /* Frameworks */,
			);
			sourceTree = "<group>";
		};
		84814CB021C84707002CEAE2 /* Products */ = {
			isa = PBXGroup;
			children = (
				84814CAF21C84707002CEAE2 /* Kickback_1.0.app */,
			);
			name = Products;
			sourceTree = "<group>";
		};
		84814CB121C84707002CEAE2 /* Kickback_1.0 */ = {
			isa = PBXGroup;
			children = (
				84C20CAC21D56BF5004AE5C5 /* SpotifyiOS.framework */,
				84FFDB5B21C84A80003B2C70 /* View */,
				84FFDB5D21C84A9A003B2C70 /* Controller */,
				84FFDB5C21C84A89003B2C70 /* Model */,
				84814CB921C84708002CEAE2 /* Assets.xcassets */,
				84814CBE21C84708002CEAE2 /* Info.plist */,
				84FFDB6421C85B3E003B2C70 /* GoogleService-Info.plist */,
				84C20CAB21D5696D004AE5C5 /* Kickback-Bridging-Header.h */,
			);
			path = Kickback_1.0;
			sourceTree = "<group>";
		};
		84FFDB5B21C84A80003B2C70 /* View */ = {
			isa = PBXGroup;
			children = (
				84814CB621C84707002CEAE2 /* Main.storyboard */,
				84814CBB21C84708002CEAE2 /* LaunchScreen.storyboard */,
				84FFDB5E21C84AAB003B2C70 /* Custom Cells */,
			);
			path = View;
			sourceTree = "<group>";
		};
		84FFDB5C21C84A89003B2C70 /* Model */ = {
			isa = PBXGroup;
			children = (
			);
			path = Model;
			sourceTree = "<group>";
		};
		84FFDB5D21C84A9A003B2C70 /* Controller */ = {
			isa = PBXGroup;
			children = (
				84FFDB5F21C84ACD003B2C70 /* Classes */,
				84814CB221C84707002CEAE2 /* AppDelegate.swift */,
				84814CB421C84707002CEAE2 /* ViewController.swift */,
				84FFDB6021C84C85003B2C70 /* HomePageViewController.swift */,
				84FFDB6221C85350003B2C70 /* AddStationViewController.swift */,
				84830B9121C9A201006DF341 /* StationViewController.swift */,
			);
			path = Controller;
			sourceTree = "<group>";
		};
		84FFDB5E21C84AAB003B2C70 /* Custom Cells */ = {
			isa = PBXGroup;
			children = (
			);
			path = "Custom Cells";
			sourceTree = "<group>";
		};
		84FFDB5F21C84ACD003B2C70 /* Classes */ = {
			isa = PBXGroup;
			children = (
				84830B9321C9B2CF006DF341 /* AddPlaylist.swift */,
			);
			path = Classes;
			sourceTree = "<group>";
		};
		FF1DD64E2AD34DF4297F54F6 /* Pods */ = {
			isa = PBXGroup;
			children = (
				A90ACF5EDC639EAEE76B0240 /* Pods-Kickback_1.0.debug.xcconfig */,
				888CB2DCA56F83266C31D79B /* Pods-Kickback_1.0.release.xcconfig */,
			);
			name = Pods;
			sourceTree = "<group>";
		};
/* End PBXGroup section */

/* Begin PBXNativeTarget section */
		84814CAE21C84707002CEAE2 /* Kickback_1.0 */ = {
			isa = PBXNativeTarget;
			buildConfigurationList = 84814CC121C84708002CEAE2 /* Build configuration list for PBXNativeTarget "Kickback_1.0" */;
			buildPhases = (
				11B14416C089D17303F15394 /* [CP] Check Pods Manifest.lock */,
				84814CAB21C84707002CEAE2 /* Sources */,
				84814CAC21C84707002CEAE2 /* Frameworks */,
				84814CAD21C84707002CEAE2 /* Resources */,
				3BC40674F8F87D5CB2AC2061 /* [CP] Embed Pods Frameworks */,
			);
			buildRules = (
			);
			dependencies = (
			);
			name = Kickback_1.0;
			productName = Kickback_1.0;
			productReference = 84814CAF21C84707002CEAE2 /* Kickback_1.0.app */;
			productType = "com.apple.product-type.application";
		};
/* End PBXNativeTarget section */

/* Begin PBXProject section */
		84814CA721C84706002CEAE2 /* Project object */ = {
			isa = PBXProject;
			attributes = {
				LastSwiftUpdateCheck = 1010;
				LastUpgradeCheck = 1010;
				ORGANIZATIONNAME = "Lou DiMuro";
				TargetAttributes = {
					84814CAE21C84707002CEAE2 = {
						CreatedOnToolsVersion = 10.1;
					};
				};
			};
			buildConfigurationList = 84814CAA21C84706002CEAE2 /* Build configuration list for PBXProject "Kickback_1.0" */;
			compatibilityVersion = "Xcode 9.3";
			developmentRegion = en;
			hasScannedForEncodings = 0;
			knownRegions = (
				en,
				Base,
			);
			mainGroup = 84814CA621C84706002CEAE2;
			productRefGroup = 84814CB021C84707002CEAE2 /* Products */;
			projectDirPath = "";
			projectRoot = "";
			targets = (
				84814CAE21C84707002CEAE2 /* Kickback_1.0 */,
			);
		};
/* End PBXProject section */

/* Begin PBXResourcesBuildPhase section */
		84814CAD21C84707002CEAE2 /* Resources */ = {
			isa = PBXResourcesBuildPhase;
			buildActionMask = 2147483647;
			files = (
				84814CBD21C84708002CEAE2 /* LaunchScreen.storyboard in Resources */,
				84814CBA21C84708002CEAE2 /* Assets.xcassets in Resources */,
				84814CB821C84707002CEAE2 /* Main.storyboard in Resources */,
				84FFDB6521C85B3E003B2C70 /* GoogleService-Info.plist in Resources */,
			);
			runOnlyForDeploymentPostprocessing = 0;
		};
/* End PBXResourcesBuildPhase section */

/* Begin PBXShellScriptBuildPhase section */
		11B14416C089D17303F15394 /* [CP] Check Pods Manifest.lock */ = {
			isa = PBXShellScriptBuildPhase;
			buildActionMask = 2147483647;
			files = (
			);
			inputPaths = (
				"${PODS_PODFILE_DIR_PATH}/Podfile.lock",
				"${PODS_ROOT}/Manifest.lock",
			);
			name = "[CP] Check Pods Manifest.lock";
			outputPaths = (
				"$(DERIVED_FILE_DIR)/Pods-Kickback_1.0-checkManifestLockResult.txt",
			);
			runOnlyForDeploymentPostprocessing = 0;
			shellPath = /bin/sh;
			shellScript = "diff \"${PODS_PODFILE_DIR_PATH}/Podfile.lock\" \"${PODS_ROOT}/Manifest.lock\" > /dev/null\nif [ $? != 0 ] ; then\n    # print error to STDERR\n    echo \"error: The sandbox is not in sync with the Podfile.lock. Run 'pod install' or update your CocoaPods installation.\" >&2\n    exit 1\nfi\n# This output is used by Xcode 'outputs' to avoid re-running this script phase.\necho \"SUCCESS\" > \"${SCRIPT_OUTPUT_FILE_0}\"\n";
			showEnvVarsInLog = 0;
		};
		3BC40674F8F87D5CB2AC2061 /* [CP] Embed Pods Frameworks */ = {
			isa = PBXShellScriptBuildPhase;
			buildActionMask = 2147483647;
			files = (
			);
			inputPaths = (
				"${SRCROOT}/Pods/Target Support Files/Pods-Kickback_1.0/Pods-Kickback_1.0-frameworks.sh",
				"${BUILT_PRODUCTS_DIR}/Alamofire/Alamofire.framework",
				"${BUILT_PRODUCTS_DIR}/AlamofireObjectMapper/AlamofireObjectMapper.framework",
				"${BUILT_PRODUCTS_DIR}/GTMSessionFetcher/GTMSessionFetcher.framework",
				"${BUILT_PRODUCTS_DIR}/GoogleUtilities/GoogleUtilities.framework",
				"${BUILT_PRODUCTS_DIR}/Kingfisher/Kingfisher.framework",
				"${BUILT_PRODUCTS_DIR}/ObjectMapper/ObjectMapper.framework",
				"${BUILT_PRODUCTS_DIR}/SwiftyJSON/SwiftyJSON.framework",
				"${BUILT_PRODUCTS_DIR}/leveldb-library/leveldb.framework",
				"${BUILT_PRODUCTS_DIR}/nanopb/nanopb.framework",
			);
			name = "[CP] Embed Pods Frameworks";
			outputPaths = (
				"${TARGET_BUILD_DIR}/${FRAMEWORKS_FOLDER_PATH}/Alamofire.framework",
				"${TARGET_BUILD_DIR}/${FRAMEWORKS_FOLDER_PATH}/AlamofireObjectMapper.framework",
				"${TARGET_BUILD_DIR}/${FRAMEWORKS_FOLDER_PATH}/GTMSessionFetcher.framework",
				"${TARGET_BUILD_DIR}/${FRAMEWORKS_FOLDER_PATH}/GoogleUtilities.framework",
				"${TARGET_BUILD_DIR}/${FRAMEWORKS_FOLDER_PATH}/Kingfisher.framework",
				"${TARGET_BUILD_DIR}/${FRAMEWORKS_FOLDER_PATH}/ObjectMapper.framework",
				"${TARGET_BUILD_DIR}/${FRAMEWORKS_FOLDER_PATH}/SwiftyJSON.framework",
				"${TARGET_BUILD_DIR}/${FRAMEWORKS_FOLDER_PATH}/leveldb.framework",
				"${TARGET_BUILD_DIR}/${FRAMEWORKS_FOLDER_PATH}/nanopb.framework",
			);
			runOnlyForDeploymentPostprocessing = 0;
			shellPath = /bin/sh;
			shellScript = "\"${SRCROOT}/Pods/Target Support Files/Pods-Kickback_1.0/Pods-Kickback_1.0-frameworks.sh\"\n";
			showEnvVarsInLog = 0;
		};
/* End PBXShellScriptBuildPhase section */

/* Begin PBXSourcesBuildPhase section */
		84814CAB21C84707002CEAE2 /* Sources */ = {
			isa = PBXSourcesBuildPhase;
			buildActionMask = 2147483647;
			files = (
				84814CB521C84707002CEAE2 /* ViewController.swift in Sources */,
				84814CB321C84707002CEAE2 /* AppDelegate.swift in Sources */,
				84FFDB6121C84C85003B2C70 /* HomePageViewController.swift in Sources */,
				84FFDB6321C85350003B2C70 /* AddStationViewController.swift in Sources */,
				84830B9221C9A201006DF341 /* StationViewController.swift in Sources */,
				84830B9421C9B2CF006DF341 /* AddPlaylist.swift in Sources */,
			);
			runOnlyForDeploymentPostprocessing = 0;
		};
/* End PBXSourcesBuildPhase section */

/* Begin PBXVariantGroup section */
		84814CB621C84707002CEAE2 /* Main.storyboard */ = {
			isa = PBXVariantGroup;
			children = (
				84814CB721C84707002CEAE2 /* Base */,
			);
			name = Main.storyboard;
			sourceTree = "<group>";
		};
		84814CBB21C84708002CEAE2 /* LaunchScreen.storyboard */ = {
			isa = PBXVariantGroup;
			children = (
				84814CBC21C84708002CEAE2 /* Base */,
			);
			name = LaunchScreen.storyboard;
			sourceTree = "<group>";
		};
/* End PBXVariantGroup section */

/* Begin XCBuildConfiguration section */
		84814CBF21C84708002CEAE2 /* Debug */ = {
			isa = XCBuildConfiguration;
			buildSettings = {
				ALWAYS_SEARCH_USER_PATHS = NO;
				CLANG_ANALYZER_NONNULL = YES;
				CLANG_ANALYZER_NUMBER_OBJECT_CONVERSION = YES_AGGRESSIVE;
				CLANG_CXX_LANGUAGE_STANDARD = "gnu++14";
				CLANG_CXX_LIBRARY = "libc++";
				CLANG_ENABLE_MODULES = YES;
				CLANG_ENABLE_OBJC_ARC = YES;
				CLANG_ENABLE_OBJC_WEAK = YES;
				CLANG_WARN_BLOCK_CAPTURE_AUTORELEASING = YES;
				CLANG_WARN_BOOL_CONVERSION = YES;
				CLANG_WARN_COMMA = YES;
				CLANG_WARN_CONSTANT_CONVERSION = YES;
				CLANG_WARN_DEPRECATED_OBJC_IMPLEMENTATIONS = YES;
				CLANG_WARN_DIRECT_OBJC_ISA_USAGE = YES_ERROR;
				CLANG_WARN_DOCUMENTATION_COMMENTS = YES;
				CLANG_WARN_EMPTY_BODY = YES;
				CLANG_WARN_ENUM_CONVERSION = YES;
				CLANG_WARN_INFINITE_RECURSION = YES;
				CLANG_WARN_INT_CONVERSION = YES;
				CLANG_WARN_NON_LITERAL_NULL_CONVERSION = YES;
				CLANG_WARN_OBJC_IMPLICIT_RETAIN_SELF = YES;
				CLANG_WARN_OBJC_LITERAL_CONVERSION = YES;
				CLANG_WARN_OBJC_ROOT_CLASS = YES_ERROR;
				CLANG_WARN_RANGE_LOOP_ANALYSIS = YES;
				CLANG_WARN_STRICT_PROTOTYPES = YES;
				CLANG_WARN_SUSPICIOUS_MOVE = YES;
				CLANG_WARN_UNGUARDED_AVAILABILITY = YES_AGGRESSIVE;
				CLANG_WARN_UNREACHABLE_CODE = YES;
				CLANG_WARN__DUPLICATE_METHOD_MATCH = YES;
				CODE_SIGN_IDENTITY = "iPhone Developer";
				COPY_PHASE_STRIP = NO;
				DEBUG_INFORMATION_FORMAT = dwarf;
				ENABLE_STRICT_OBJC_MSGSEND = YES;
				ENABLE_TESTABILITY = YES;
				GCC_C_LANGUAGE_STANDARD = gnu11;
				GCC_DYNAMIC_NO_PIC = NO;
				GCC_NO_COMMON_BLOCKS = YES;
				GCC_OPTIMIZATION_LEVEL = 0;
				GCC_PREPROCESSOR_DEFINITIONS = (
					"DEBUG=1",
					"$(inherited)",
				);
				GCC_WARN_64_TO_32_BIT_CONVERSION = YES;
				GCC_WARN_ABOUT_RETURN_TYPE = YES_ERROR;
				GCC_WARN_UNDECLARED_SELECTOR = YES;
				GCC_WARN_UNINITIALIZED_AUTOS = YES_AGGRESSIVE;
				GCC_WARN_UNUSED_FUNCTION = YES;
				GCC_WARN_UNUSED_VARIABLE = YES;
				IPHONEOS_DEPLOYMENT_TARGET = 12.1;
				MTL_ENABLE_DEBUG_INFO = INCLUDE_SOURCE;
				MTL_FAST_MATH = YES;
				ONLY_ACTIVE_ARCH = YES;
				SDKROOT = iphoneos;
				SWIFT_ACTIVE_COMPILATION_CONDITIONS = DEBUG;
				SWIFT_OPTIMIZATION_LEVEL = "-Onone";
			};
			name = Debug;
		};
		84814CC021C84708002CEAE2 /* Release */ = {
			isa = XCBuildConfiguration;
			buildSettings = {
				ALWAYS_SEARCH_USER_PATHS = NO;
				CLANG_ANALYZER_NONNULL = YES;
				CLANG_ANALYZER_NUMBER_OBJECT_CONVERSION = YES_AGGRESSIVE;
				CLANG_CXX_LANGUAGE_STANDARD = "gnu++14";
				CLANG_CXX_LIBRARY = "libc++";
				CLANG_ENABLE_MODULES = YES;
				CLANG_ENABLE_OBJC_ARC = YES;
				CLANG_ENABLE_OBJC_WEAK = YES;
				CLANG_WARN_BLOCK_CAPTURE_AUTORELEASING = YES;
				CLANG_WARN_BOOL_CONVERSION = YES;
				CLANG_WARN_COMMA = YES;
				CLANG_WARN_CONSTANT_CONVERSION = YES;
				CLANG_WARN_DEPRECATED_OBJC_IMPLEMENTATIONS = YES;
				CLANG_WARN_DIRECT_OBJC_ISA_USAGE = YES_ERROR;
				CLANG_WARN_DOCUMENTATION_COMMENTS = YES;
				CLANG_WARN_EMPTY_BODY = YES;
				CLANG_WARN_ENUM_CONVERSION = YES;
				CLANG_WARN_INFINITE_RECURSION = YES;
				CLANG_WARN_INT_CONVERSION = YES;
				CLANG_WARN_NON_LITERAL_NULL_CONVERSION = YES;
				CLANG_WARN_OBJC_IMPLICIT_RETAIN_SELF = YES;
				CLANG_WARN_OBJC_LITERAL_CONVERSION = YES;
				CLANG_WARN_OBJC_ROOT_CLASS = YES_ERROR;
				CLANG_WARN_RANGE_LOOP_ANALYSIS = YES;
				CLANG_WARN_STRICT_PROTOTYPES = YES;
				CLANG_WARN_SUSPICIOUS_MOVE = YES;
				CLANG_WARN_UNGUARDED_AVAILABILITY = YES_AGGRESSIVE;
				CLANG_WARN_UNREACHABLE_CODE = YES;
				CLANG_WARN__DUPLICATE_METHOD_MATCH = YES;
				CODE_SIGN_IDENTITY = "iPhone Developer";
				COPY_PHASE_STRIP = NO;
				DEBUG_INFORMATION_FORMAT = "dwarf-with-dsym";
				ENABLE_NS_ASSERTIONS = NO;
				ENABLE_STRICT_OBJC_MSGSEND = YES;
				GCC_C_LANGUAGE_STANDARD = gnu11;
				GCC_NO_COMMON_BLOCKS = YES;
				GCC_WARN_64_TO_32_BIT_CONVERSION = YES;
				GCC_WARN_ABOUT_RETURN_TYPE = YES_ERROR;
				GCC_WARN_UNDECLARED_SELECTOR = YES;
				GCC_WARN_UNINITIALIZED_AUTOS = YES_AGGRESSIVE;
				GCC_WARN_UNUSED_FUNCTION = YES;
				GCC_WARN_UNUSED_VARIABLE = YES;
				IPHONEOS_DEPLOYMENT_TARGET = 12.1;
				MTL_ENABLE_DEBUG_INFO = NO;
				MTL_FAST_MATH = YES;
				SDKROOT = iphoneos;
				SWIFT_COMPILATION_MODE = wholemodule;
				SWIFT_OPTIMIZATION_LEVEL = "-O";
				VALIDATE_PRODUCT = YES;
			};
			name = Release;
		};
		84814CC221C84708002CEAE2 /* Debug */ = {
			isa = XCBuildConfiguration;
			baseConfigurationReference = A90ACF5EDC639EAEE76B0240 /* Pods-Kickback_1.0.debug.xcconfig */;
			buildSettings = {
				ASSETCATALOG_COMPILER_APPICON_NAME = AppIcon;
				CODE_SIGN_STYLE = Automatic;
				DEVELOPMENT_TEAM = G9624NHMA4;
				FRAMEWORK_SEARCH_PATHS = (
					"$(inherited)",
					"$(PROJECT_DIR)/Kickback_1.0",
				);
				INFOPLIST_FILE = Kickback_1.0/Info.plist;
				LD_RUNPATH_SEARCH_PATHS = (
					"$(inherited)",
					"@executable_path/Frameworks",
				);
				PRODUCT_BUNDLE_IDENTIFIER = "com.LouDiMuro.Kickback-1-0";
				PRODUCT_NAME = "$(TARGET_NAME)";
				SWIFT_OBJC_BRIDGING_HEADER = "Kickback_1.0/Kickback-Bridging-Header.h";
				SWIFT_VERSION = 4.2;
				TARGETED_DEVICE_FAMILY = "1,2";
			};
			name = Debug;
		};
		84814CC321C84708002CEAE2 /* Release */ = {
			isa = XCBuildConfiguration;
			baseConfigurationReference = 888CB2DCA56F83266C31D79B /* Pods-Kickback_1.0.release.xcconfig */;
			buildSettings = {
				ASSETCATALOG_COMPILER_APPICON_NAME = AppIcon;
				CODE_SIGN_STYLE = Automatic;
				DEVELOPMENT_TEAM = G9624NHMA4;
				FRAMEWORK_SEARCH_PATHS = (
					"$(inherited)",
					"$(PROJECT_DIR)/Kickback_1.0",
				);
				INFOPLIST_FILE = Kickback_1.0/Info.plist;
				LD_RUNPATH_SEARCH_PATHS = (
					"$(inherited)",
					"@executable_path/Frameworks",
				);
				PRODUCT_BUNDLE_IDENTIFIER = "com.LouDiMuro.Kickback-1-0";
				PRODUCT_NAME = "$(TARGET_NAME)";
				SWIFT_OBJC_BRIDGING_HEADER = "Kickback_1.0/Kickback-Bridging-Header.h";
				SWIFT_VERSION = 4.2;
				TARGETED_DEVICE_FAMILY = "1,2";
			};
			name = Release;
		};
/* End XCBuildConfiguration section */

/* Begin XCConfigurationList section */
		84814CAA21C84706002CEAE2 /* Build configuration list for PBXProject "Kickback_1.0" */ = {
			isa = XCConfigurationList;
			buildConfigurations = (
				84814CBF21C84708002CEAE2 /* Debug */,
				84814CC021C84708002CEAE2 /* Release */,
			);
			defaultConfigurationIsVisible = 0;
			defaultConfigurationName = Release;
		};
		84814CC121C84708002CEAE2 /* Build configuration list for PBXNativeTarget "Kickback_1.0" */ = {
			isa = XCConfigurationList;
			buildConfigurations = (
				84814CC221C84708002CEAE2 /* Debug */,
				84814CC321C84708002CEAE2 /* Release */,
			);
			defaultConfigurationIsVisible = 0;
			defaultConfigurationName = Release;
		};
/* End XCConfigurationList section */
	};
	rootObject = 84814CA721C84706002CEAE2 /* Project object */;
}
